
Microsoft Visual Studio Solution File, Format Version 12.00
# Visual Studio Version 16
VisualStudioVersion = 16.0.29911.84
MinimumVisualStudioVersion = 10.0.40219.1
Project("{FAE04EC0-301F-11D3-BF4B-00C04F79EFBC}") = "Nullable_Types", "Nullable_Types.csproj", "{8A6C5922-7598-4E16-973A-6269C494A498}"
EndProject
Global
	GlobalSection(SolutionConfigurationPlatforms) = preSolution
		Debug|Any CPU = Debug|Any CPU
		Release|Any CPU = Release|Any CPU
	EndGlobalSection
	GlobalSection(ProjectConfigurationPlatforms) = postSolution
		{8A6C5922-7598-4E16-973A-6269C494A498}.Debug|Any CPU.ActiveCfg = Debug|Any CPU
		{8A6C5922-7598-4E16-973A-6269C494A498}.Debug|Any CPU.Build.0 = Debug|Any CPU
		{8A6C5922-7598-4E16-973A-6269C494A498}.Release|Any CPU.ActiveCfg = Release|Any CPU
		{8A6C5922-7598-4E16-973A-6269C494A498}.Release|Any CPU.Build.0 = Release|Any CPU
	EndGlobalSection
	GlobalSection(SolutionProperties) = preSolution
		HideSolutionNode = FALSE
	EndGlobalSection
	GlobalSection(ExtensibilityGlobals) = postSolution
		SolutionGuid = {61D1AF3D-C484-4428-9541-4503DCC6AEF0}
	EndGlobalSection
EndGlobal
