
Microsoft Visual Studio Solution File, Format Version 12.00
# Visual Studio Version 16
VisualStudioVersion = 16.0.30002.166
MinimumVisualStudioVersion = 10.0.40219.1
Project("{FAE04EC0-301F-11D3-BF4B-00C04F79EFBC}") = "ThreadStartDelegate", "ThreadStartDelegate.csproj", "{648D105D-475D-4D1C-8A1B-F799FAB3E904}"
EndProject
Global
	GlobalSection(SolutionConfigurationPlatforms) = preSolution
		Debug|Any CPU = Debug|Any CPU
		Release|Any CPU = Release|Any CPU
	EndGlobalSection
	GlobalSection(ProjectConfigurationPlatforms) = postSolution
		{648D105D-475D-4D1C-8A1B-F799FAB3E904}.Debug|Any CPU.ActiveCfg = Debug|Any CPU
		{648D105D-475D-4D1C-8A1B-F799FAB3E904}.Debug|Any CPU.Build.0 = Debug|Any CPU
		{648D105D-475D-4D1C-8A1B-F799FAB3E904}.Release|Any CPU.ActiveCfg = Release|Any CPU
		{648D105D-475D-4D1C-8A1B-F799FAB3E904}.Release|Any CPU.Build.0 = Release|Any CPU
	EndGlobalSection
	GlobalSection(SolutionProperties) = preSolution
		HideSolutionNode = FALSE
	EndGlobalSection
	GlobalSection(ExtensibilityGlobals) = postSolution
		SolutionGuid = {EF6338B0-7E98-40B5-ACDB-83FCEB523D02}
	EndGlobalSection
EndGlobal
