
Microsoft Visual Studio Solution File, Format Version 12.00
# Visual Studio Version 16
VisualStudioVersion = 16.0.30011.22
MinimumVisualStudioVersion = 10.0.40219.1
Project("{FAE04EC0-301F-11D3-BF4B-00C04F79EFBC}") = "37", "37.csproj", "{E4297446-995B-423F-B2DF-57BA748E6DC4}"
EndProject
Global
	GlobalSection(SolutionConfigurationPlatforms) = preSolution
		Debug|Any CPU = Debug|Any CPU
		Release|Any CPU = Release|Any CPU
	EndGlobalSection
	GlobalSection(ProjectConfigurationPlatforms) = postSolution
		{E4297446-995B-423F-B2DF-57BA748E6DC4}.Debug|Any CPU.ActiveCfg = Debug|Any CPU
		{E4297446-995B-423F-B2DF-57BA748E6DC4}.Debug|Any CPU.Build.0 = Debug|Any CPU
		{E4297446-995B-423F-B2DF-57BA748E6DC4}.Release|Any CPU.ActiveCfg = Release|Any CPU
		{E4297446-995B-423F-B2DF-57BA748E6DC4}.Release|Any CPU.Build.0 = Release|Any CPU
	EndGlobalSection
	GlobalSection(SolutionProperties) = preSolution
		HideSolutionNode = FALSE
	EndGlobalSection
	GlobalSection(ExtensibilityGlobals) = postSolution
		SolutionGuid = {E33A3778-6DAC-45DB-81E2-BA1C25E05009}
	EndGlobalSection
EndGlobal
