
Microsoft Visual Studio Solution File, Format Version 12.00
# Visual Studio Version 16
VisualStudioVersion = 16.0.30002.166
MinimumVisualStudioVersion = 10.0.40219.1
Project("{FAE04EC0-301F-11D3-BF4B-00C04F79EFBC}") = "Dictionary", "Dictionary.csproj", "{7784A0FF-DF3D-4745-A69F-D224E919FC1A}"
EndProject
Global
	GlobalSection(SolutionConfigurationPlatforms) = preSolution
		Debug|Any CPU = Debug|Any CPU
		Release|Any CPU = Release|Any CPU
	EndGlobalSection
	GlobalSection(ProjectConfigurationPlatforms) = postSolution
		{7784A0FF-DF3D-4745-A69F-D224E919FC1A}.Debug|Any CPU.ActiveCfg = Debug|Any CPU
		{7784A0FF-DF3D-4745-A69F-D224E919FC1A}.Debug|Any CPU.Build.0 = Debug|Any CPU
		{7784A0FF-DF3D-4745-A69F-D224E919FC1A}.Release|Any CPU.ActiveCfg = Release|Any CPU
		{7784A0FF-DF3D-4745-A69F-D224E919FC1A}.Release|Any CPU.Build.0 = Release|Any CPU
	EndGlobalSection
	GlobalSection(SolutionProperties) = preSolution
		HideSolutionNode = FALSE
	EndGlobalSection
	GlobalSection(ExtensibilityGlobals) = postSolution
		SolutionGuid = {323BB1C5-0F42-4474-BB6F-81FE92BFFAED}
	EndGlobalSection
EndGlobal
