
Microsoft Visual Studio Solution File, Format Version 12.00
# Visual Studio Version 16
VisualStudioVersion = 16.0.29911.84
MinimumVisualStudioVersion = 10.0.40219.1
Project("{FAE04EC0-301F-11D3-BF4B-00C04F79EFBC}") = "Arrays", "Arrays.csproj", "{ADAE56C2-1F93-49A3-8359-82C1AC6674C6}"
EndProject
Global
	GlobalSection(SolutionConfigurationPlatforms) = preSolution
		Debug|Any CPU = Debug|Any CPU
		Release|Any CPU = Release|Any CPU
	EndGlobalSection
	GlobalSection(ProjectConfigurationPlatforms) = postSolution
		{ADAE56C2-1F93-49A3-8359-82C1AC6674C6}.Debug|Any CPU.ActiveCfg = Debug|Any CPU
		{ADAE56C2-1F93-49A3-8359-82C1AC6674C6}.Debug|Any CPU.Build.0 = Debug|Any CPU
		{ADAE56C2-1F93-49A3-8359-82C1AC6674C6}.Release|Any CPU.ActiveCfg = Release|Any CPU
		{ADAE56C2-1F93-49A3-8359-82C1AC6674C6}.Release|Any CPU.Build.0 = Release|Any CPU
	EndGlobalSection
	GlobalSection(SolutionProperties) = preSolution
		HideSolutionNode = FALSE
	EndGlobalSection
	GlobalSection(ExtensibilityGlobals) = postSolution
		SolutionGuid = {CBE1F8B3-42CB-417D-9956-E0579C17285E}
	EndGlobalSection
EndGlobal
