
Microsoft Visual Studio Solution File, Format Version 12.00
# Visual Studio Version 16
VisualStudioVersion = 16.0.29911.84
MinimumVisualStudioVersion = 10.0.40219.1
Project("{FAE04EC0-301F-11D3-BF4B-00C04F79EFBC}") = "Polymorphism", "Polymorphism.csproj", "{BB3699C8-77C3-4624-81EB-54E0AFE5124C}"
EndProject
Global
	GlobalSection(SolutionConfigurationPlatforms) = preSolution
		Debug|Any CPU = Debug|Any CPU
		Release|Any CPU = Release|Any CPU
	EndGlobalSection
	GlobalSection(ProjectConfigurationPlatforms) = postSolution
		{BB3699C8-77C3-4624-81EB-54E0AFE5124C}.Debug|Any CPU.ActiveCfg = Debug|Any CPU
		{BB3699C8-77C3-4624-81EB-54E0AFE5124C}.Debug|Any CPU.Build.0 = Debug|Any CPU
		{BB3699C8-77C3-4624-81EB-54E0AFE5124C}.Release|Any CPU.ActiveCfg = Release|Any CPU
		{BB3699C8-77C3-4624-81EB-54E0AFE5124C}.Release|Any CPU.Build.0 = Release|Any CPU
	EndGlobalSection
	GlobalSection(SolutionProperties) = preSolution
		HideSolutionNode = FALSE
	EndGlobalSection
	GlobalSection(ExtensibilityGlobals) = postSolution
		SolutionGuid = {2D59FC5B-E4BD-4543-8471-181AB8549D76}
	EndGlobalSection
EndGlobal
