
Microsoft Visual Studio Solution File, Format Version 12.00
# Visual Studio Version 16
VisualStudioVersion = 16.0.30002.166
MinimumVisualStudioVersion = 10.0.40219.1
Project("{FAE04EC0-301F-11D3-BF4B-00C04F79EFBC}") = "35", "35.csproj", "{BA221EED-5B93-4C4A-ADB6-6FAF15DC6924}"
EndProject
Global
	GlobalSection(SolutionConfigurationPlatforms) = preSolution
		Debug|Any CPU = Debug|Any CPU
		Release|Any CPU = Release|Any CPU
	EndGlobalSection
	GlobalSection(ProjectConfigurationPlatforms) = postSolution
		{BA221EED-5B93-4C4A-ADB6-6FAF15DC6924}.Debug|Any CPU.ActiveCfg = Debug|Any CPU
		{BA221EED-5B93-4C4A-ADB6-6FAF15DC6924}.Debug|Any CPU.Build.0 = Debug|Any CPU
		{BA221EED-5B93-4C4A-ADB6-6FAF15DC6924}.Release|Any CPU.ActiveCfg = Release|Any CPU
		{BA221EED-5B93-4C4A-ADB6-6FAF15DC6924}.Release|Any CPU.Build.0 = Release|Any CPU
	EndGlobalSection
	GlobalSection(SolutionProperties) = preSolution
		HideSolutionNode = FALSE
	EndGlobalSection
	GlobalSection(ExtensibilityGlobals) = postSolution
		SolutionGuid = {B1275FA3-3DB0-4751-BFD7-ACD67F4C6837}
	EndGlobalSection
EndGlobal
