
Microsoft Visual Studio Solution File, Format Version 12.00
# Visual Studio Version 16
VisualStudioVersion = 16.0.30002.166
MinimumVisualStudioVersion = 10.0.40219.1
Project("{FAE04EC0-301F-11D3-BF4B-00C04F79EFBC}") = "26", "26.csproj", "{1B9980B4-3119-4FEB-9F20-BE916C22FEEE}"
EndProject
Global
	GlobalSection(SolutionConfigurationPlatforms) = preSolution
		Debug|Any CPU = Debug|Any CPU
		Release|Any CPU = Release|Any CPU
	EndGlobalSection
	GlobalSection(ProjectConfigurationPlatforms) = postSolution
		{1B9980B4-3119-4FEB-9F20-BE916C22FEEE}.Debug|Any CPU.ActiveCfg = Debug|Any CPU
		{1B9980B4-3119-4FEB-9F20-BE916C22FEEE}.Debug|Any CPU.Build.0 = Debug|Any CPU
		{1B9980B4-3119-4FEB-9F20-BE916C22FEEE}.Release|Any CPU.ActiveCfg = Release|Any CPU
		{1B9980B4-3119-4FEB-9F20-BE916C22FEEE}.Release|Any CPU.Build.0 = Release|Any CPU
	EndGlobalSection
	GlobalSection(SolutionProperties) = preSolution
		HideSolutionNode = FALSE
	EndGlobalSection
	GlobalSection(ExtensibilityGlobals) = postSolution
		SolutionGuid = {ADB3CA69-7E54-4031-9602-EB720F23B6D7}
	EndGlobalSection
EndGlobal
