
Microsoft Visual Studio Solution File, Format Version 12.00
# Visual Studio Version 16
VisualStudioVersion = 16.0.29911.84
MinimumVisualStudioVersion = 10.0.40219.1
Project("{FAE04EC0-301F-11D3-BF4B-00C04F79EFBC}") = "Operators", "Operators.csproj", "{DA73144B-06D8-471A-8319-7D38D842B107}"
EndProject
Global
	GlobalSection(SolutionConfigurationPlatforms) = preSolution
		Debug|Any CPU = Debug|Any CPU
		Release|Any CPU = Release|Any CPU
	EndGlobalSection
	GlobalSection(ProjectConfigurationPlatforms) = postSolution
		{DA73144B-06D8-471A-8319-7D38D842B107}.Debug|Any CPU.ActiveCfg = Debug|Any CPU
		{DA73144B-06D8-471A-8319-7D38D842B107}.Debug|Any CPU.Build.0 = Debug|Any CPU
		{DA73144B-06D8-471A-8319-7D38D842B107}.Release|Any CPU.ActiveCfg = Release|Any CPU
		{DA73144B-06D8-471A-8319-7D38D842B107}.Release|Any CPU.Build.0 = Release|Any CPU
	EndGlobalSection
	GlobalSection(SolutionProperties) = preSolution
		HideSolutionNode = FALSE
	EndGlobalSection
	GlobalSection(ExtensibilityGlobals) = postSolution
		SolutionGuid = {67912A3B-5B6F-431B-961F-6F2B7E4BC7A9}
	EndGlobalSection
EndGlobal
