
Microsoft Visual Studio Solution File, Format Version 12.00
# Visual Studio Version 16
VisualStudioVersion = 16.0.30002.166
MinimumVisualStudioVersion = 10.0.40219.1
Project("{FAE04EC0-301F-11D3-BF4B-00C04F79EFBC}") = "SortingComplexTypes", "SortingComplexTypes.csproj", "{569304F4-15A9-4124-BF01-91D1B757EE09}"
EndProject
Global
	GlobalSection(SolutionConfigurationPlatforms) = preSolution
		Debug|Any CPU = Debug|Any CPU
		Release|Any CPU = Release|Any CPU
	EndGlobalSection
	GlobalSection(ProjectConfigurationPlatforms) = postSolution
		{569304F4-15A9-4124-BF01-91D1B757EE09}.Debug|Any CPU.ActiveCfg = Debug|Any CPU
		{569304F4-15A9-4124-BF01-91D1B757EE09}.Debug|Any CPU.Build.0 = Debug|Any CPU
		{569304F4-15A9-4124-BF01-91D1B757EE09}.Release|Any CPU.ActiveCfg = Release|Any CPU
		{569304F4-15A9-4124-BF01-91D1B757EE09}.Release|Any CPU.Build.0 = Release|Any CPU
	EndGlobalSection
	GlobalSection(SolutionProperties) = preSolution
		HideSolutionNode = FALSE
	EndGlobalSection
	GlobalSection(ExtensibilityGlobals) = postSolution
		SolutionGuid = {88AA70BE-6B5A-4CB0-803E-28643C21A48D}
	EndGlobalSection
EndGlobal
