
Microsoft Visual Studio Solution File, Format Version 12.00
# Visual Studio Version 16
VisualStudioVersion = 16.0.30002.166
MinimumVisualStudioVersion = 10.0.40219.1
Project("{FAE04EC0-301F-11D3-BF4B-00C04F79EFBC}") = "Override Equals Method", "Override Equals Method.csproj", "{9E356B53-06CE-44A9-BFEC-D0FD0A7AF26F}"
EndProject
Global
	GlobalSection(SolutionConfigurationPlatforms) = preSolution
		Debug|Any CPU = Debug|Any CPU
		Release|Any CPU = Release|Any CPU
	EndGlobalSection
	GlobalSection(ProjectConfigurationPlatforms) = postSolution
		{9E356B53-06CE-44A9-BFEC-D0FD0A7AF26F}.Debug|Any CPU.ActiveCfg = Debug|Any CPU
		{9E356B53-06CE-44A9-BFEC-D0FD0A7AF26F}.Debug|Any CPU.Build.0 = Debug|Any CPU
		{9E356B53-06CE-44A9-BFEC-D0FD0A7AF26F}.Release|Any CPU.ActiveCfg = Release|Any CPU
		{9E356B53-06CE-44A9-BFEC-D0FD0A7AF26F}.Release|Any CPU.Build.0 = Release|Any CPU
	EndGlobalSection
	GlobalSection(SolutionProperties) = preSolution
		HideSolutionNode = FALSE
	EndGlobalSection
	GlobalSection(ExtensibilityGlobals) = postSolution
		SolutionGuid = {910F87E6-4472-42BF-A285-6ED87419A5A9}
	EndGlobalSection
EndGlobal
