
Microsoft Visual Studio Solution File, Format Version 12.00
# Visual Studio Version 16
VisualStudioVersion = 16.0.29911.84
MinimumVisualStudioVersion = 10.0.40219.1
Project("{FAE04EC0-301F-11D3-BF4B-00C04F79EFBC}") = "Properties", "Properties.csproj", "{B5F189F7-1598-4AF2-881A-D002E4DEC254}"
EndProject
Global
	GlobalSection(SolutionConfigurationPlatforms) = preSolution
		Debug|Any CPU = Debug|Any CPU
		Release|Any CPU = Release|Any CPU
	EndGlobalSection
	GlobalSection(ProjectConfigurationPlatforms) = postSolution
		{B5F189F7-1598-4AF2-881A-D002E4DEC254}.Debug|Any CPU.ActiveCfg = Debug|Any CPU
		{B5F189F7-1598-4AF2-881A-D002E4DEC254}.Debug|Any CPU.Build.0 = Debug|Any CPU
		{B5F189F7-1598-4AF2-881A-D002E4DEC254}.Release|Any CPU.ActiveCfg = Release|Any CPU
		{B5F189F7-1598-4AF2-881A-D002E4DEC254}.Release|Any CPU.Build.0 = Release|Any CPU
	EndGlobalSection
	GlobalSection(SolutionProperties) = preSolution
		HideSolutionNode = FALSE
	EndGlobalSection
	GlobalSection(ExtensibilityGlobals) = postSolution
		SolutionGuid = {794D1634-2216-4A2D-85C0-D724BA006615}
	EndGlobalSection
EndGlobal
