
Microsoft Visual Studio Solution File, Format Version 12.00
# Visual Studio Version 16
VisualStudioVersion = 16.0.29911.84
MinimumVisualStudioVersion = 10.0.40219.1
Project("{FAE04EC0-301F-11D3-BF4B-00C04F79EFBC}") = "Exception_Handling", "Exception_Handling.csproj", "{93276777-78D9-4F75-9EA5-038FBC302641}"
EndProject
Global
	GlobalSection(SolutionConfigurationPlatforms) = preSolution
		Debug|Any CPU = Debug|Any CPU
		Release|Any CPU = Release|Any CPU
	EndGlobalSection
	GlobalSection(ProjectConfigurationPlatforms) = postSolution
		{93276777-78D9-4F75-9EA5-038FBC302641}.Debug|Any CPU.ActiveCfg = Debug|Any CPU
		{93276777-78D9-4F75-9EA5-038FBC302641}.Debug|Any CPU.Build.0 = Debug|Any CPU
		{93276777-78D9-4F75-9EA5-038FBC302641}.Release|Any CPU.ActiveCfg = Release|Any CPU
		{93276777-78D9-4F75-9EA5-038FBC302641}.Release|Any CPU.Build.0 = Release|Any CPU
	EndGlobalSection
	GlobalSection(SolutionProperties) = preSolution
		HideSolutionNode = FALSE
	EndGlobalSection
	GlobalSection(ExtensibilityGlobals) = postSolution
		SolutionGuid = {960215CE-EF91-44D3-920E-BB633AB9CED0}
	EndGlobalSection
EndGlobal
