
Microsoft Visual Studio Solution File, Format Version 12.00
# Visual Studio Version 16
VisualStudioVersion = 16.0.30002.166
MinimumVisualStudioVersion = 10.0.40219.1
Project("{FAE04EC0-301F-11D3-BF4B-00C04F79EFBC}") = "MVC_Login", "MVC_Login.csproj", "{3F9412D3-8EFE-4BC2-A8D9-D21E7EB58AA2}"
EndProject
Global
	GlobalSection(SolutionConfigurationPlatforms) = preSolution
		Debug|Any CPU = Debug|Any CPU
		Release|Any CPU = Release|Any CPU
	EndGlobalSection
	GlobalSection(ProjectConfigurationPlatforms) = postSolution
		{3F9412D3-8EFE-4BC2-A8D9-D21E7EB58AA2}.Debug|Any CPU.ActiveCfg = Debug|Any CPU
		{3F9412D3-8EFE-4BC2-A8D9-D21E7EB58AA2}.Debug|Any CPU.Build.0 = Debug|Any CPU
		{3F9412D3-8EFE-4BC2-A8D9-D21E7EB58AA2}.Release|Any CPU.ActiveCfg = Release|Any CPU
		{3F9412D3-8EFE-4BC2-A8D9-D21E7EB58AA2}.Release|Any CPU.Build.0 = Release|Any CPU
	EndGlobalSection
	GlobalSection(SolutionProperties) = preSolution
		HideSolutionNode = FALSE
	EndGlobalSection
	GlobalSection(ExtensibilityGlobals) = postSolution
		SolutionGuid = {EC43E28E-8BA3-40D7-811C-68C8F345FE6A}
	EndGlobalSection
EndGlobal
